// !$*UTF8*$!
{
	archiveVersion = 1;
	classes = {
	};
	objectVersion = 50;
	objects = {

/* Begin PBXBuildFile section */
		389EDF3B224B135600618DBB /* AppDelegate.swift in Sources */ = {isa = PBXBuildFile; fileRef = 389EDF3A224B135600618DBB /* AppDelegate.swift */; };
		389EDF3D224B135600618DBB /* ViewController.swift in Sources */ = {isa = PBXBuildFile; fileRef = 389EDF3C224B135600618DBB /* ViewController.swift */; };
		389EDF40224B135600618DBB /* Main.storyboard in Resources */ = {isa = PBXBuildFile; fileRef = 389EDF3E224B135600618DBB /* Main.storyboard */; };
		389EDF42224B135800618DBB /* Assets.xcassets in Resources */ = {isa = PBXBuildFile; fileRef = 389EDF41224B135800618DBB /* Assets.xcassets */; };
		389EDF45224B135800618DBB /* LaunchScreen.storyboard in Resources */ = {isa = PBXBuildFile; fileRef = 389EDF43224B135800618DBB /* LaunchScreen.storyboard */; };
		389EDF4D224B144200618DBB /* MainMenuController.swift in Sources */ = {isa = PBXBuildFile; fileRef = 389EDF4C224B144200618DBB /* MainMenuController.swift */; };
		389EDF4F224B14F200618DBB /* CalculateMenuController.swift in Sources */ = {isa = PBXBuildFile; fileRef = 389EDF4E224B14F200618DBB /* CalculateMenuController.swift */; };
		389EDF51224B156800618DBB /* HistoryMenuController.swift in Sources */ = {isa = PBXBuildFile; fileRef = 389EDF50224B156800618DBB /* HistoryMenuController.swift */; };
		389EDF55224B1F7300618DBB /* ExternalScreenViewController.swift in Sources */ = {isa = PBXBuildFile; fileRef = 389EDF54224B1F7300618DBB /* ExternalScreenViewController.swift */; };
/* End PBXBuildFile section */

/* Begin PBXFileReference section */
		389EDF37224B135600618DBB /* Calculator_Project.app */ = {isa = PBXFileReference; explicitFileType = wrapper.application; includeInIndex = 0; path = Calculator_Project.app; sourceTree = BUILT_PRODUCTS_DIR; };
		389EDF3A224B135600618DBB /* AppDelegate.swift */ = {isa = PBXFileReference; lastKnownFileType = sourcecode.swift; path = AppDelegate.swift; sourceTree = "<group>"; };
		389EDF3C224B135600618DBB /* ViewController.swift */ = {isa = PBXFileReference; lastKnownFileType = sourcecode.swift; path = ViewController.swift; sourceTree = "<group>"; };
		389EDF3F224B135600618DBB /* Base */ = {isa = PBXFileReference; lastKnownFileType = file.storyboard; name = Base; path = Base.lproj/Main.storyboard; sourceTree = "<group>"; };
		389EDF41224B135800618DBB /* Assets.xcassets */ = {isa = PBXFileReference; lastKnownFileType = folder.assetcatalog; path = Assets.xcassets; sourceTree = "<group>"; };
		389EDF44224B135800618DBB /* Base */ = {isa = PBXFileReference; lastKnownFileType = file.storyboard; name = Base; path = Base.lproj/LaunchScreen.storyboard; sourceTree = "<group>"; };
		389EDF46224B135800618DBB /* Info.plist */ = {isa = PBXFileReference; lastKnownFileType = text.plist.xml; path = Info.plist; sourceTree = "<group>"; };
		389EDF4C224B144200618DBB /* MainMenuController.swift */ = {isa = PBXFileReference; lastKnownFileType = sourcecode.swift; path = MainMenuController.swift; sourceTree = "<group>"; };
		389EDF4E224B14F200618DBB /* CalculateMenuController.swift */ = {isa = PBXFileReference; lastKnownFileType = sourcecode.swift; path = CalculateMenuController.swift; sourceTree = "<group>"; };
		389EDF50224B156800618DBB /* HistoryMenuController.swift */ = {isa = PBXFileReference; lastKnownFileType = sourcecode.swift; path = HistoryMenuController.swift; sourceTree = "<group>"; };
		389EDF54224B1F7300618DBB /* ExternalScreenViewController.swift */ = {isa = PBXFileReference; lastKnownFileType = sourcecode.swift; path = ExternalScreenViewController.swift; sourceTree = "<group>"; };
/* End PBXFileReference section */

/* Begin PBXFrameworksBuildPhase section */
		389EDF34224B135600618DBB /* Frameworks */ = {
			isa = PBXFrameworksBuildPhase;
			buildActionMask = 2147483647;
			files = (
			);
			runOnlyForDeploymentPostprocessing = 0;
		};
/* End PBXFrameworksBuildPhase section */

/* Begin PBXGroup section */
		389EDF2E224B135600618DBB = {
			isa = PBXGroup;
			children = (
				389EDF39224B135600618DBB /* Calculator_Project */,
				389EDF38224B135600618DBB /* Products */,
			);
			sourceTree = "<group>";
		};
		389EDF38224B135600618DBB /* Products */ = {
			isa = PBXGroup;
			children = (
				389EDF37224B135600618DBB /* Calculator_Project.app */,
			);
			name = Products;
			sourceTree = "<group>";
		};
		389EDF39224B135600618DBB /* Calculator_Project */ = {
			isa = PBXGroup;
			children = (
				389EDF4C224B144200618DBB /* MainMenuController.swift */,
				389EDF4E224B14F200618DBB /* CalculateMenuController.swift */,
				389EDF50224B156800618DBB /* HistoryMenuController.swift */,
				389EDF3C224B135600618DBB /* ViewController.swift */,
				389EDF41224B135800618DBB /* Assets.xcassets */,
				389EDF54224B1F7300618DBB /* ExternalScreenViewController.swift */,
				389EDF3A224B135600618DBB /* AppDelegate.swift */,
				389EDF3E224B135600618DBB /* Main.storyboard */,
				389EDF43224B135800618DBB /* LaunchScreen.storyboard */,
				389EDF46224B135800618DBB /* Info.plist */,
			);
			path = Calculator_Project;
			sourceTree = "<group>";
		};
/* End PBXGroup section */

/* Begin PBXNativeTarget section */
		389EDF36224B135600618DBB /* Calculator_Project */ = {
			isa = PBXNativeTarget;
			buildConfigurationList = 389EDF49224B135800618DBB /* Build configuration list for PBXNativeTarget "Calculator_Project" */;
			buildPhases = (
				389EDF33224B135600618DBB /* Sources */,
				389EDF34224B135600618DBB /* Frameworks */,
				389EDF35224B135600618DBB /* Resources */,
			);
			buildRules = (
			);
			dependencies = (
			);
			name = Calculator_Project;
			productName = Calculator_Project;
			productReference = 389EDF37224B135600618DBB /* Calculator_Project.app */;
			productType = "com.apple.product-type.application";
		};
/* End PBXNativeTarget section */

/* Begin PBXProject section */
		389EDF2F224B135600618DBB /* Project object */ = {
			isa = PBXProject;
			attributes = {
				LastSwiftUpdateCheck = 1020;
				LastUpgradeCheck = 1020;
				ORGANIZATIONNAME = "Harvell, Tristin L";
				TargetAttributes = {
					389EDF36224B135600618DBB = {
						CreatedOnToolsVersion = 10.2;
					};
				};
			};
			buildConfigurationList = 389EDF32224B135600618DBB /* Build configuration list for PBXProject "Calculator_Project" */;
			compatibilityVersion = "Xcode 9.3";
			developmentRegion = en;
			hasScannedForEncodings = 0;
			knownRegions = (
				en,
				Base,
			);
			mainGroup = 389EDF2E224B135600618DBB;
			productRefGroup = 389EDF38224B135600618DBB /* Products */;
			projectDirPath = "";
			projectRoot = "";
			targets = (
				389EDF36224B135600618DBB /* Calculator_Project */,
			);
		};
/* End PBXProject section */

/* Begin PBXResourcesBuildPhase section */
		389EDF35224B135600618DBB /* Resources */ = {
			isa = PBXResourcesBuildPhase;
			buildActionMask = 2147483647;
			files = (
				389EDF45224B135800618DBB /* LaunchScreen.storyboard in Resources */,
				389EDF42224B135800618DBB /* Assets.xcassets in Resources */,
				389EDF40224B135600618DBB /* Main.storyboard in Resources */,
			);
			runOnlyForDeploymentPostprocessing = 0;
		};
/* End PBXResourcesBuildPhase section */

/* Begin PBXSourcesBuildPhase section */
		389EDF33224B135600618DBB /* Sources */ = {
			isa = PBXSourcesBuildPhase;
			buildActionMask = 2147483647;
			files = (
				389EDF51224B156800618DBB /* HistoryMenuController.swift in Sources */,
				389EDF55224B1F7300618DBB /* ExternalScreenViewController.swift in Sources */,
				389EDF3D224B135600618DBB /* ViewController.swift in Sources */,
				389EDF3B224B135600618DBB /* AppDelegate.swift in Sources */,
				389EDF4D224B144200618DBB /* MainMenuController.swift in Sources */,
				389EDF4F224B14F200618DBB /* CalculateMenuController.swift in Sources */,
			);
			runOnlyForDeploymentPostprocessing = 0;
		};
/* End PBXSourcesBuildPhase section */

/* Begin PBXVariantGroup section */
		389EDF3E224B135600618DBB /* Main.storyboard */ = {
			isa = PBXVariantGroup;
			children = (
				389EDF3F224B135600618DBB /* Base */,
			);
			name = Main.storyboard;
			sourceTree = "<group>";
		};
		389EDF43224B135800618DBB /* LaunchScreen.storyboard */ = {
			isa = PBXVariantGroup;
			children = (
				389EDF44224B135800618DBB /* Base */,
			);
			name = LaunchScreen.storyboard;
			sourceTree = "<group>";
		};
/* End PBXVariantGroup section */

/* Begin XCBuildConfiguration section */
		389EDF47224B135800618DBB /* Debug */ = {
			isa = XCBuildConfiguration;
			buildSettings = {
				ALWAYS_SEARCH_USER_PATHS = NO;
				CLANG_ANALYZER_NONNULL = YES;
				CLANG_ANALYZER_NUMBER_OBJECT_CONVERSION = YES_AGGRESSIVE;
				CLANG_CXX_LANGUAGE_STANDARD = "gnu++14";
				CLANG_CXX_LIBRARY = "libc++";
				CLANG_ENABLE_MODULES = YES;
				CLANG_ENABLE_OBJC_ARC = YES;
				CLANG_ENABLE_OBJC_WEAK = YES;
				CLANG_WARN_BLOCK_CAPTURE_AUTORELEASING = YES;
				CLANG_WARN_BOOL_CONVERSION = YES;
				CLANG_WARN_COMMA = YES;
				CLANG_WARN_CONSTANT_CONVERSION = YES;
				CLANG_WARN_DEPRECATED_OBJC_IMPLEMENTATIONS = YES;
				CLANG_WARN_DIRECT_OBJC_ISA_USAGE = YES_ERROR;
				CLANG_WARN_DOCUMENTATION_COMMENTS = YES;
				CLANG_WARN_EMPTY_BODY = YES;
				CLANG_WARN_ENUM_CONVERSION = YES;
				CLANG_WARN_INFINITE_RECURSION = YES;
				CLANG_WARN_INT_CONVERSION = YES;
				CLANG_WARN_NON_LITERAL_NULL_CONVERSION = YES;
				CLANG_WARN_OBJC_IMPLICIT_RETAIN_SELF = YES;
				CLANG_WARN_OBJC_LITERAL_CONVERSION = YES;
				CLANG_WARN_OBJC_ROOT_CLASS = YES_ERROR;
				CLANG_WARN_RANGE_LOOP_ANALYSIS = YES;
				CLANG_WARN_STRICT_PROTOTYPES = YES;
				CLANG_WARN_SUSPICIOUS_MOVE = YES;
				CLANG_WARN_UNGUARDED_AVAILABILITY = YES_AGGRESSIVE;
				CLANG_WARN_UNREACHABLE_CODE = YES;
				CLANG_WARN__DUPLICATE_METHOD_MATCH = YES;
				CODE_SIGN_IDENTITY = "iPhone Developer";
				COPY_PHASE_STRIP = NO;
				DEBUG_INFORMATION_FORMAT = dwarf;
				ENABLE_STRICT_OBJC_MSGSEND = YES;
				ENABLE_TESTABILITY = YES;
				GCC_C_LANGUAGE_STANDARD = gnu11;
				GCC_DYNAMIC_NO_PIC = NO;
				GCC_NO_COMMON_BLOCKS = YES;
				GCC_OPTIMIZATION_LEVEL = 0;
				GCC_PREPROCESSOR_DEFINITIONS = (
					"DEBUG=1",
					"$(inherited)",
				);
				GCC_WARN_64_TO_32_BIT_CONVERSION = YES;
				GCC_WARN_ABOUT_RETURN_TYPE = YES_ERROR;
				GCC_WARN_UNDECLARED_SELECTOR = YES;
				GCC_WARN_UNINITIALIZED_AUTOS = YES_AGGRESSIVE;
				GCC_WARN_UNUSED_FUNCTION = YES;
				GCC_WARN_UNUSED_VARIABLE = YES;
				IPHONEOS_DEPLOYMENT_TARGET = 12.2;
				MTL_ENABLE_DEBUG_INFO = INCLUDE_SOURCE;
				MTL_FAST_MATH = YES;
				ONLY_ACTIVE_ARCH = YES;
				SDKROOT = iphoneos;
				SWIFT_ACTIVE_COMPILATION_CONDITIONS = DEBUG;
				SWIFT_OPTIMIZATION_LEVEL = "-Onone";
			};
			name = Debug;
		};
		389EDF48224B135800618DBB /* Release */ = {
			isa = XCBuildConfiguration;
			buildSettings = {
				ALWAYS_SEARCH_USER_PATHS = NO;
				CLANG_ANALYZER_NONNULL = YES;
				CLANG_ANALYZER_NUMBER_OBJECT_CONVERSION = YES_AGGRESSIVE;
				CLANG_CXX_LANGUAGE_STANDARD = "gnu++14";
				CLANG_CXX_LIBRARY = "libc++";
				CLANG_ENABLE_MODULES = YES;
				CLANG_ENABLE_OBJC_ARC = YES;
				CLANG_ENABLE_OBJC_WEAK = YES;
				CLANG_WARN_BLOCK_CAPTURE_AUTORELEASING = YES;
				CLANG_WARN_BOOL_CONVERSION = YES;
				CLANG_WARN_COMMA = YES;
				CLANG_WARN_CONSTANT_CONVERSION = YES;
				CLANG_WARN_DEPRECATED_OBJC_IMPLEMENTATIONS = YES;
				CLANG_WARN_DIRECT_OBJC_ISA_USAGE = YES_ERROR;
				CLANG_WARN_DOCUMENTATION_COMMENTS = YES;
				CLANG_WARN_EMPTY_BODY = YES;
				CLANG_WARN_ENUM_CONVERSION = YES;
				CLANG_WARN_INFINITE_RECURSION = YES;
				CLANG_WARN_INT_CONVERSION = YES;
				CLANG_WARN_NON_LITERAL_NULL_CONVERSION = YES;
				CLANG_WARN_OBJC_IMPLICIT_RETAIN_SELF = YES;
				CLANG_WARN_OBJC_LITERAL_CONVERSION = YES;
				CLANG_WARN_OBJC_ROOT_CLASS = YES_ERROR;
				CLANG_WARN_RANGE_LOOP_ANALYSIS = YES;
				CLANG_WARN_STRICT_PROTOTYPES = YES;
				CLANG_WARN_SUSPICIOUS_MOVE = YES;
				CLANG_WARN_UNGUARDED_AVAILABILITY = YES_AGGRESSIVE;
				CLANG_WARN_UNREACHABLE_CODE = YES;
				CLANG_WARN__DUPLICATE_METHOD_MATCH = YES;
				CODE_SIGN_IDENTITY = "iPhone Developer";
				COPY_PHASE_STRIP = NO;
				DEBUG_INFORMATION_FORMAT = "dwarf-with-dsym";
				ENABLE_NS_ASSERTIONS = NO;
				ENABLE_STRICT_OBJC_MSGSEND = YES;
				GCC_C_LANGUAGE_STANDARD = gnu11;
				GCC_NO_COMMON_BLOCKS = YES;
				GCC_WARN_64_TO_32_BIT_CONVERSION = YES;
				GCC_WARN_ABOUT_RETURN_TYPE = YES_ERROR;
				GCC_WARN_UNDECLARED_SELECTOR = YES;
				GCC_WARN_UNINITIALIZED_AUTOS = YES_AGGRESSIVE;
				GCC_WARN_UNUSED_FUNCTION = YES;
				GCC_WARN_UNUSED_VARIABLE = YES;
				IPHONEOS_DEPLOYMENT_TARGET = 12.2;
				MTL_ENABLE_DEBUG_INFO = NO;
				MTL_FAST_MATH = YES;
				SDKROOT = iphoneos;
				SWIFT_COMPILATION_MODE = wholemodule;
				SWIFT_OPTIMIZATION_LEVEL = "-O";
				VALIDATE_PRODUCT = YES;
			};
			name = Release;
		};
		389EDF4A224B135800618DBB /* Debug */ = {
			isa = XCBuildConfiguration;
			buildSettings = {
				ASSETCATALOG_COMPILER_APPICON_NAME = AppIcon;
				CODE_SIGN_STYLE = Automatic;
				DEVELOPMENT_TEAM = RD4S5BC3T7;
				INFOPLIST_FILE = Calculator_Project/Info.plist;
				LD_RUNPATH_SEARCH_PATHS = (
					"$(inherited)",
					"@executable_path/Frameworks",
				);
				PRODUCT_BUNDLE_IDENTIFIER = "com.wsu.Calculator-Project";
				PRODUCT_NAME = "$(TARGET_NAME)";
				SWIFT_VERSION = 5.0;
				TARGETED_DEVICE_FAMILY = "1,2";
			};
			name = Debug;
		};
		389EDF4B224B135800618DBB /* Release */ = {
			isa = XCBuildConfiguration;
			buildSettings = {
				ASSETCATALOG_COMPILER_APPICON_NAME = AppIcon;
				CODE_SIGN_STYLE = Automatic;
				DEVELOPMENT_TEAM = RD4S5BC3T7;
				INFOPLIST_FILE = Calculator_Project/Info.plist;
				LD_RUNPATH_SEARCH_PATHS = (
					"$(inherited)",
					"@executable_path/Frameworks",
				);
				PRODUCT_BUNDLE_IDENTIFIER = "com.wsu.Calculator-Project";
				PRODUCT_NAME = "$(TARGET_NAME)";
				SWIFT_VERSION = 5.0;
				TARGETED_DEVICE_FAMILY = "1,2";
			};
			name = Release;
		};
/* End XCBuildConfiguration section */

/* Begin XCConfigurationList section */
		389EDF32224B135600618DBB /* Build configuration list for PBXProject "Calculator_Project" */ = {
			isa = XCConfigurationList;
			buildConfigurations = (
				389EDF47224B135800618DBB /* Debug */,
				389EDF48224B135800618DBB /* Release */,
			);
			defaultConfigurationIsVisible = 0;
			defaultConfigurationName = Release;
		};
		389EDF49224B135800618DBB /* Build configuration list for PBXNativeTarget "Calculator_Project" */ = {
			isa = XCConfigurationList;
			buildConfigurations = (
				389EDF4A224B135800618DBB /* Debug */,
				389EDF4B224B135800618DBB /* Release */,
			);
			defaultConfigurationIsVisible = 0;
			defaultConfigurationName = Release;
		};
/* End XCConfigurationList section */
	};
	rootObject = 389EDF2F224B135600618DBB /* Project object */;
}
